// !$*UTF8*$!
{
	archiveVersion = 1;
	classes = {
	};
	objectVersion = 46;
	objects = {

/* Begin PBXBuildFile section */
		A1FD8E1C1AD646CF0039F626 /* AppDelegate.swift in Sources */ = {isa = PBXBuildFile; fileRef = A1FD8E1B1AD646CF0039F626 /* AppDelegate.swift */; };
		A1FD8E1E1AD646CF0039F626 /* ViewController.swift in Sources */ = {isa = PBXBuildFile; fileRef = A1FD8E1D1AD646CF0039F626 /* ViewController.swift */; };
		A1FD8E211AD646CF0039F626 /* Main.storyboard in Resources */ = {isa = PBXBuildFile; fileRef = A1FD8E1F1AD646CF0039F626 /* Main.storyboard */; };
		A1FD8E231AD646CF0039F626 /* Images.xcassets in Resources */ = {isa = PBXBuildFile; fileRef = A1FD8E221AD646CF0039F626 /* Images.xcassets */; };
		A1FD8E261AD646CF0039F626 /* LaunchScreen.xib in Resources */ = {isa = PBXBuildFile; fileRef = A1FD8E241AD646CF0039F626 /* LaunchScreen.xib */; };
		A1FD8E321AD646CF0039F626 /* PlusMinusTests.swift in Sources */ = {isa = PBXBuildFile; fileRef = A1FD8E311AD646CF0039F626 /* PlusMinusTests.swift */; };
/* End PBXBuildFile section */

/* Begin PBXContainerItemProxy section */
		A1FD8E2C1AD646CF0039F626 /* PBXContainerItemProxy */ = {
			isa = PBXContainerItemProxy;
			containerPortal = A1FD8E0E1AD646CE0039F626 /* Project object */;
			proxyType = 1;
			remoteGlobalIDString = A1FD8E151AD646CE0039F626;
			remoteInfo = PlusMinus;
		};
/* End PBXContainerItemProxy section */

/* Begin PBXFileReference section */
		A1FD8E161AD646CF0039F626 /* PlusMinus.app */ = {isa = PBXFileReference; explicitFileType = wrapper.application; includeInIndex = 0; path = PlusMinus.app; sourceTree = BUILT_PRODUCTS_DIR; };
		A1FD8E1A1AD646CF0039F626 /* Info.plist */ = {isa = PBXFileReference; lastKnownFileType = text.plist.xml; path = Info.plist; sourceTree = "<group>"; };
		A1FD8E1B1AD646CF0039F626 /* AppDelegate.swift */ = {isa = PBXFileReference; lastKnownFileType = sourcecode.swift; path = AppDelegate.swift; sourceTree = "<group>"; };
		A1FD8E1D1AD646CF0039F626 /* ViewController.swift */ = {isa = PBXFileReference; lastKnownFileType = sourcecode.swift; path = ViewController.swift; sourceTree = "<group>"; };
		A1FD8E201AD646CF0039F626 /* Base */ = {isa = PBXFileReference; lastKnownFileType = file.storyboard; name = Base; path = Base.lproj/Main.storyboard; sourceTree = "<group>"; };
		A1FD8E221AD646CF0039F626 /* Images.xcassets */ = {isa = PBXFileReference; lastKnownFileType = folder.assetcatalog; path = Images.xcassets; sourceTree = "<group>"; };
		A1FD8E251AD646CF0039F626 /* Base */ = {isa = PBXFileReference; lastKnownFileType = file.xib; name = Base; path = Base.lproj/LaunchScreen.xib; sourceTree = "<group>"; };
		A1FD8E2B1AD646CF0039F626 /* PlusMinusTests.xctest */ = {isa = PBXFileReference; explicitFileType = wrapper.cfbundle; includeInIndex = 0; path = PlusMinusTests.xctest; sourceTree = BUILT_PRODUCTS_DIR; };
		A1FD8E301AD646CF0039F626 /* Info.plist */ = {isa = PBXFileReference; lastKnownFileType = text.plist.xml; path = Info.plist; sourceTree = "<group>"; };
		A1FD8E311AD646CF0039F626 /* PlusMinusTests.swift */ = {isa = PBXFileReference; lastKnownFileType = sourcecode.swift; path = PlusMinusTests.swift; sourceTree = "<group>"; };
/* End PBXFileReference section */

/* Begin PBXFrameworksBuildPhase section */
		A1FD8E131AD646CE0039F626 /* Frameworks */ = {
			isa = PBXFrameworksBuildPhase;
			buildActionMask = 2147483647;
			files = (
			);
			runOnlyForDeploymentPostprocessing = 0;
		};
		A1FD8E281AD646CF0039F626 /* Frameworks */ = {
			isa = PBXFrameworksBuildPhase;
			buildActionMask = 2147483647;
			files = (
			);
			runOnlyForDeploymentPostprocessing = 0;
		};
/* End PBXFrameworksBuildPhase section */

/* Begin PBXGroup section */
		A1FD8E0D1AD646CE0039F626 = {
			isa = PBXGroup;
			children = (
				A1FD8E181AD646CF0039F626 /* PlusMinus */,
				A1FD8E2E1AD646CF0039F626 /* PlusMinusTests */,
				A1FD8E171AD646CF0039F626 /* Products */,
			);
			sourceTree = "<group>";
		};
		A1FD8E171AD646CF0039F626 /* Products */ = {
			isa = PBXGroup;
			children = (
				A1FD8E161AD646CF0039F626 /* PlusMinus.app */,
				A1FD8E2B1AD646CF0039F626 /* PlusMinusTests.xctest */,
			);
			name = Products;
			sourceTree = "<group>";
		};
		A1FD8E181AD646CF0039F626 /* PlusMinus */ = {
			isa = PBXGroup;
			children = (
				A1FD8E1B1AD646CF0039F626 /* AppDelegate.swift */,
				A1FD8E1D1AD646CF0039F626 /* ViewController.swift */,
				A1FD8E1F1AD646CF0039F626 /* Main.storyboard */,
				A1FD8E221AD646CF0039F626 /* Images.xcassets */,
				A1FD8E241AD646CF0039F626 /* LaunchScreen.xib */,
				A1FD8E191AD646CF0039F626 /* Supporting Files */,
			);
			path = PlusMinus;
			sourceTree = "<group>";
		};
		A1FD8E191AD646CF0039F626 /* Supporting Files */ = {
			isa = PBXGroup;
			children = (
				A1FD8E1A1AD646CF0039F626 /* Info.plist */,
			);
			name = "Supporting Files";
			sourceTree = "<group>";
		};
		A1FD8E2E1AD646CF0039F626 /* PlusMinusTests */ = {
			isa = PBXGroup;
			children = (
				A1FD8E311AD646CF0039F626 /* PlusMinusTests.swift */,
				A1FD8E2F1AD646CF0039F626 /* Supporting Files */,
			);
			path = PlusMinusTests;
			sourceTree = "<group>";
		};
		A1FD8E2F1AD646CF0039F626 /* Supporting Files */ = {
			isa = PBXGroup;
			children = (
				A1FD8E301AD646CF0039F626 /* Info.plist */,
			);
			name = "Supporting Files";
			sourceTree = "<group>";
		};
/* End PBXGroup section */

/* Begin PBXNativeTarget section */
		A1FD8E151AD646CE0039F626 /* PlusMinus */ = {
			isa = PBXNativeTarget;
			buildConfigurationList = A1FD8E351AD646CF0039F626 /* Build configuration list for PBXNativeTarget "PlusMinus" */;
			buildPhases = (
				A1FD8E121AD646CE0039F626 /* Sources */,
				A1FD8E131AD646CE0039F626 /* Frameworks */,
				A1FD8E141AD646CE0039F626 /* Resources */,
			);
			buildRules = (
			);
			dependencies = (
			);
			name = PlusMinus;
			productName = PlusMinus;
			productReference = A1FD8E161AD646CF0039F626 /* PlusMinus.app */;
			productType = "com.apple.product-type.application";
		};
		A1FD8E2A1AD646CF0039F626 /* PlusMinusTests */ = {
			isa = PBXNativeTarget;
			buildConfigurationList = A1FD8E381AD646CF0039F626 /* Build configuration list for PBXNativeTarget "PlusMinusTests" */;
			buildPhases = (
				A1FD8E271AD646CF0039F626 /* Sources */,
				A1FD8E281AD646CF0039F626 /* Frameworks */,
				A1FD8E291AD646CF0039F626 /* Resources */,
			);
			buildRules = (
			);
			dependencies = (
				A1FD8E2D1AD646CF0039F626 /* PBXTargetDependency */,
			);
			name = PlusMinusTests;
			productName = PlusMinusTests;
			productReference = A1FD8E2B1AD646CF0039F626 /* PlusMinusTests.xctest */;
			productType = "com.apple.product-type.bundle.unit-test";
		};
/* End PBXNativeTarget section */

/* Begin PBXProject section */
		A1FD8E0E1AD646CE0039F626 /* Project object */ = {
			isa = PBXProject;
			attributes = {
				LastUpgradeCheck = 0630;
				ORGANIZATIONNAME = "Bleu Haus Labs";
				TargetAttributes = {
					A1FD8E151AD646CE0039F626 = {
						CreatedOnToolsVersion = 6.3;
					};
					A1FD8E2A1AD646CF0039F626 = {
						CreatedOnToolsVersion = 6.3;
						TestTargetID = A1FD8E151AD646CE0039F626;
					};
				};
			};
			buildConfigurationList = A1FD8E111AD646CE0039F626 /* Build configuration list for PBXProject "PlusMinus" */;
			compatibilityVersion = "Xcode 3.2";
			developmentRegion = English;
			hasScannedForEncodings = 0;
			knownRegions = (
				en,
				Base,
			);
			mainGroup = A1FD8E0D1AD646CE0039F626;
			productRefGroup = A1FD8E171AD646CF0039F626 /* Products */;
			projectDirPath = "";
			projectRoot = "";
			targets = (
				A1FD8E151AD646CE0039F626 /* PlusMinus */,
				A1FD8E2A1AD646CF0039F626 /* PlusMinusTests */,
			);
		};
/* End PBXProject section */

/* Begin PBXResourcesBuildPhase section */
		A1FD8E141AD646CE0039F626 /* Resources */ = {
			isa = PBXResourcesBuildPhase;
			buildActionMask = 2147483647;
			files = (
				A1FD8E211AD646CF0039F626 /* Main.storyboard in Resources */,
				A1FD8E261AD646CF0039F626 /* LaunchScreen.xib in Resources */,
				A1FD8E231AD646CF0039F626 /* Images.xcassets in Resources */,
			);
			runOnlyForDeploymentPostprocessing = 0;
		};
		A1FD8E291AD646CF0039F626 /* Resources */ = {
			isa = PBXResourcesBuildPhase;
			buildActionMask = 2147483647;
			files = (
			);
			runOnlyForDeploymentPostprocessing = 0;
		};
/* End PBXResourcesBuildPhase section */

/* Begin PBXSourcesBuildPhase section */
		A1FD8E121AD646CE0039F626 /* Sources */ = {
			isa = PBXSourcesBuildPhase;
			buildActionMask = 2147483647;
			files = (
				A1FD8E1E1AD646CF0039F626 /* ViewController.swift in Sources */,
				A1FD8E1C1AD646CF0039F626 /* AppDelegate.swift in Sources */,
			);
			runOnlyForDeploymentPostprocessing = 0;
		};
		A1FD8E271AD646CF0039F626 /* Sources */ = {
			isa = PBXSourcesBuildPhase;
			buildActionMask = 2147483647;
			files = (
				A1FD8E321AD646CF0039F626 /* PlusMinusTests.swift in Sources */,
			);
			runOnlyForDeploymentPostprocessing = 0;
		};
/* End PBXSourcesBuildPhase section */

/* Begin PBXTargetDependency section */
		A1FD8E2D1AD646CF0039F626 /* PBXTargetDependency */ = {
			isa = PBXTargetDependency;
			target = A1FD8E151AD646CE0039F626 /* PlusMinus */;
			targetProxy = A1FD8E2C1AD646CF0039F626 /* PBXContainerItemProxy */;
		};
/* End PBXTargetDependency section */

/* Begin PBXVariantGroup section */
		A1FD8E1F1AD646CF0039F626 /* Main.storyboard */ = {
			isa = PBXVariantGroup;
			children = (
				A1FD8E201AD646CF0039F626 /* Base */,
			);
			name = Main.storyboard;
			sourceTree = "<group>";
		};
		A1FD8E241AD646CF0039F626 /* LaunchScreen.xib */ = {
			isa = PBXVariantGroup;
			children = (
				A1FD8E251AD646CF0039F626 /* Base */,
			);
			name = LaunchScreen.xib;
			sourceTree = "<group>";
		};
/* End PBXVariantGroup section */

/* Begin XCBuildConfiguration section */
		A1FD8E331AD646CF0039F626 /* Debug */ = {
			isa = XCBuildConfiguration;
			buildSettings = {
				ALWAYS_SEARCH_USER_PATHS = NO;
				CLANG_CXX_LANGUAGE_STANDARD = "gnu++0x";
				CLANG_CXX_LIBRARY = "libc++";
				CLANG_ENABLE_MODULES = YES;
				CLANG_ENABLE_OBJC_ARC = YES;
				CLANG_WARN_BOOL_CONVERSION = YES;
				CLANG_WARN_CONSTANT_CONVERSION = YES;
				CLANG_WARN_DIRECT_OBJC_ISA_USAGE = YES_ERROR;
				CLANG_WARN_EMPTY_BODY = YES;
				CLANG_WARN_ENUM_CONVERSION = YES;
				CLANG_WARN_INT_CONVERSION = YES;
				CLANG_WARN_OBJC_ROOT_CLASS = YES_ERROR;
				CLANG_WARN_UNREACHABLE_CODE = YES;
				CLANG_WARN__DUPLICATE_METHOD_MATCH = YES;
				"CODE_SIGN_IDENTITY[sdk=iphoneos*]" = "iPhone Developer";
				COPY_PHASE_STRIP = NO;
				DEBUG_INFORMATION_FORMAT = "dwarf-with-dsym";
				ENABLE_STRICT_OBJC_MSGSEND = YES;
				GCC_C_LANGUAGE_STANDARD = gnu99;
				GCC_DYNAMIC_NO_PIC = NO;
				GCC_NO_COMMON_BLOCKS = YES;
				GCC_OPTIMIZATION_LEVEL = 0;
				GCC_PREPROCESSOR_DEFINITIONS = (
					"DEBUG=1",
					"$(inherited)",
				);
				GCC_SYMBOLS_PRIVATE_EXTERN = NO;
				GCC_WARN_64_TO_32_BIT_CONVERSION = YES;
				GCC_WARN_ABOUT_RETURN_TYPE = YES_ERROR;
				GCC_WARN_UNDECLARED_SELECTOR = YES;
				GCC_WARN_UNINITIALIZED_AUTOS = YES_AGGRESSIVE;
				GCC_WARN_UNUSED_FUNCTION = YES;
				GCC_WARN_UNUSED_VARIABLE = YES;
				IPHONEOS_DEPLOYMENT_TARGET = 8.3;
				MTL_ENABLE_DEBUG_INFO = YES;
				ONLY_ACTIVE_ARCH = YES;
				SDKROOT = iphoneos;
				SWIFT_OPTIMIZATION_LEVEL = "-Onone";
			};
			name = Debug;
		};
		A1FD8E341AD646CF0039F626 /* Release */ = {
			isa = XCBuildConfiguration;
			buildSettings = {
				ALWAYS_SEARCH_USER_PATHS = NO;
				CLANG_CXX_LANGUAGE_STANDARD = "gnu++0x";
				CLANG_CXX_LIBRARY = "libc++";
				CLANG_ENABLE_MODULES = YES;
				CLANG_ENABLE_OBJC_ARC = YES;
				CLANG_WARN_BOOL_CONVERSION = YES;
				CLANG_WARN_CONSTANT_CONVERSION = YES;
				CLANG_WARN_DIRECT_OBJC_ISA_USAGE = YES_ERROR;
				CLANG_WARN_EMPTY_BODY = YES;
				CLANG_WARN_ENUM_CONVERSION = YES;
				CLANG_WARN_INT_CONVERSION = YES;
				CLANG_WARN_OBJC_ROOT_CLASS = YES_ERROR;
				CLANG_WARN_UNREACHABLE_CODE = YES;
				CLANG_WARN__DUPLICATE_METHOD_MATCH = YES;
				"CODE_SIGN_IDENTITY[sdk=iphoneos*]" = "iPhone Developer";
				COPY_PHASE_STRIP = NO;
				DEBUG_INFORMATION_FORMAT = "dwarf-with-dsym";
				ENABLE_NS_ASSERTIONS = NO;
				ENABLE_STRICT_OBJC_MSGSEND = YES;
				GCC_C_LANGUAGE_STANDARD = gnu99;
				GCC_NO_COMMON_BLOCKS = YES;
				GCC_WARN_64_TO_32_BIT_CONVERSION = YES;
				GCC_WARN_ABOUT_RETURN_TYPE = YES_ERROR;
				GCC_WARN_UNDECLARED_SELECTOR = YES;
				GCC_WARN_UNINITIALIZED_AUTOS = YES_AGGRESSIVE;
				GCC_WARN_UNUSED_FUNCTION = YES;
				GCC_WARN_UNUSED_VARIABLE = YES;
				IPHONEOS_DEPLOYMENT_TARGET = 8.3;
				MTL_ENABLE_DEBUG_INFO = NO;
				SDKROOT = iphoneos;
				VALIDATE_PRODUCT = YES;
			};
			name = Release;
		};
		A1FD8E361AD646CF0039F626 /* Debug */ = {
			isa = XCBuildConfiguration;
			buildSettings = {
				ASSETCATALOG_COMPILER_APPICON_NAME = AppIcon;
				INFOPLIST_FILE = PlusMinus/Info.plist;
				LD_RUNPATH_SEARCH_PATHS = "$(inherited) @executable_path/Frameworks";
				PRODUCT_NAME = "$(TARGET_NAME)";
			};
			name = Debug;
		};
		A1FD8E371AD646CF0039F626 /* Release */ = {
			isa = XCBuildConfiguration;
			buildSettings = {
				ASSETCATALOG_COMPILER_APPICON_NAME = AppIcon;
				INFOPLIST_FILE = PlusMinus/Info.plist;
				LD_RUNPATH_SEARCH_PATHS = "$(inherited) @executable_path/Frameworks";
				PRODUCT_NAME = "$(TARGET_NAME)";
			};
			name = Release;
		};
		A1FD8E391AD646CF0039F626 /* Debug */ = {
			isa = XCBuildConfiguration;
			buildSettings = {
				BUNDLE_LOADER = "$(TEST_HOST)";
				FRAMEWORK_SEARCH_PATHS = (
					"$(SDKROOT)/Developer/Library/Frameworks",
					"$(inherited)",
				);
				GCC_PREPROCESSOR_DEFINITIONS = (
					"DEBUG=1",
					"$(inherited)",
				);
				INFOPLIST_FILE = PlusMinusTests/Info.plist;
				LD_RUNPATH_SEARCH_PATHS = "$(inherited) @executable_path/Frameworks @loader_path/Frameworks";
				PRODUCT_NAME = "$(TARGET_NAME)";
				TEST_HOST = "$(BUILT_PRODUCTS_DIR)/PlusMinus.app/PlusMinus";
			};
			name = Debug;
		};
		A1FD8E3A1AD646CF0039F626 /* Release */ = {
			isa = XCBuildConfiguration;
			buildSettings = {
				BUNDLE_LOADER = "$(TEST_HOST)";
				FRAMEWORK_SEARCH_PATHS = (
					"$(SDKROOT)/Developer/Library/Frameworks",
					"$(inherited)",
				);
				INFOPLIST_FILE = PlusMinusTests/Info.plist;
				LD_RUNPATH_SEARCH_PATHS = "$(inherited) @executable_path/Frameworks @loader_path/Frameworks";
				PRODUCT_NAME = "$(TARGET_NAME)";
				TEST_HOST = "$(BUILT_PRODUCTS_DIR)/PlusMinus.app/PlusMinus";
			};
			name = Release;
		};
/* End XCBuildConfiguration section */

/* Begin XCConfigurationList section */
		A1FD8E111AD646CE0039F626 /* Build configuration list for PBXProject "PlusMinus" */ = {
			isa = XCConfigurationList;
			buildConfigurations = (
				A1FD8E331AD646CF0039F626 /* Debug */,
				A1FD8E341AD646CF0039F626 /* Release */,
			);
			defaultConfigurationIsVisible = 0;
			defaultConfigurationName = Release;
		};
		A1FD8E351AD646CF0039F626 /* Build configuration list for PBXNativeTarget "PlusMinus" */ = {
			isa = XCConfigurationList;
			buildConfigurations = (
				A1FD8E361AD646CF0039F626 /* Debug */,
				A1FD8E371AD646CF0039F626 /* Release */,
			);
			defaultConfigurationIsVisible = 0;
		};
		A1FD8E381AD646CF0039F626 /* Build configuration list for PBXNativeTarget "PlusMinusTests" */ = {
			isa = XCConfigurationList;
			buildConfigurations = (
				A1FD8E391AD646CF0039F626 /* Debug */,
				A1FD8E3A1AD646CF0039F626 /* Release */,
			);
			defaultConfigurationIsVisible = 0;
		};
/* End XCConfigurationList section */
	};
	rootObject = A1FD8E0E1AD646CE0039F626 /* Project object */;
}
