// !$*UTF8*$!
{
	archiveVersion = 1;
	classes = {
	};
	objectVersion = 46;
	objects = {

/* Begin PBXBuildFile section */
		A16BFB1B1ADC70A4002CFC0E /* SuggestionsViewController.swift in Sources */ = {isa = PBXBuildFile; fileRef = A16BFB1A1ADC70A4002CFC0E /* SuggestionsViewController.swift */; };
		A16BFB1D1ADC713F002CFC0E /* CounterDataViewController.swift in Sources */ = {isa = PBXBuildFile; fileRef = A16BFB1C1ADC713E002CFC0E /* CounterDataViewController.swift */; };
		A16BFB4F1ADC7536002CFC0E /* PMAssets.swift in Sources */ = {isa = PBXBuildFile; fileRef = A16BFB4E1ADC7536002CFC0E /* PMAssets.swift */; };
		A1FD8E1C1AD646CF0039F626 /* AppDelegate.swift in Sources */ = {isa = PBXBuildFile; fileRef = A1FD8E1B1AD646CF0039F626 /* AppDelegate.swift */; };
		A1FD8E1E1AD646CF0039F626 /* ViewController.swift in Sources */ = {isa = PBXBuildFile; fileRef = A1FD8E1D1AD646CF0039F626 /* ViewController.swift */; };
		A1FD8E211AD646CF0039F626 /* Main.storyboard in Resources */ = {isa = PBXBuildFile; fileRef = A1FD8E1F1AD646CF0039F626 /* Main.storyboard */; };
		A1FD8E231AD646CF0039F626 /* Images.xcassets in Resources */ = {isa = PBXBuildFile; fileRef = A1FD8E221AD646CF0039F626 /* Images.xcassets */; };
		A1FD8E261AD646CF0039F626 /* LaunchScreen.xib in Resources */ = {isa = PBXBuildFile; fileRef = A1FD8E241AD646CF0039F626 /* LaunchScreen.xib */; };
		A1FD8E321AD646CF0039F626 /* PlusMinusTests.swift in Sources */ = {isa = PBXBuildFile; fileRef = A1FD8E311AD646CF0039F626 /* PlusMinusTests.swift */; };
		A1FD8E441AD646D90039F626 /* InterfaceController.swift in Sources */ = {isa = PBXBuildFile; fileRef = A1FD8E431AD646D90039F626 /* InterfaceController.swift */; };
		A1FD8E461AD646D90039F626 /* GlanceController.swift in Sources */ = {isa = PBXBuildFile; fileRef = A1FD8E451AD646D90039F626 /* GlanceController.swift */; };
		A1FD8E481AD646D90039F626 /* Images.xcassets in Resources */ = {isa = PBXBuildFile; fileRef = A1FD8E471AD646D90039F626 /* Images.xcassets */; };
		A1FD8E4C1AD646DA0039F626 /* PlusMinus WatchKit App.app in Resources */ = {isa = PBXBuildFile; fileRef = A1FD8E4B1AD646DA0039F626 /* PlusMinus WatchKit App.app */; };
		A1FD8E541AD646DA0039F626 /* Interface.storyboard in Resources */ = {isa = PBXBuildFile; fileRef = A1FD8E521AD646DA0039F626 /* Interface.storyboard */; };
		A1FD8E561AD646DA0039F626 /* Images.xcassets in Resources */ = {isa = PBXBuildFile; fileRef = A1FD8E551AD646DA0039F626 /* Images.xcassets */; };
		A1FD8E591AD646DA0039F626 /* PlusMinus WatchKit Extension.appex in Embed App Extensions */ = {isa = PBXBuildFile; fileRef = A1FD8E3F1AD646D90039F626 /* PlusMinus WatchKit Extension.appex */; settings = {ATTRIBUTES = (RemoveHeadersOnCopy, ); }; };
/* End PBXBuildFile section */

/* Begin PBXContainerItemProxy section */
		A1FD8E2C1AD646CF0039F626 /* PBXContainerItemProxy */ = {
			isa = PBXContainerItemProxy;
			containerPortal = A1FD8E0E1AD646CE0039F626 /* Project object */;
			proxyType = 1;
			remoteGlobalIDString = A1FD8E151AD646CE0039F626;
			remoteInfo = PlusMinus;
		};
		A1FD8E4D1AD646DA0039F626 /* PBXContainerItemProxy */ = {
			isa = PBXContainerItemProxy;
			containerPortal = A1FD8E0E1AD646CE0039F626 /* Project object */;
			proxyType = 1;
			remoteGlobalIDString = A1FD8E4A1AD646DA0039F626;
			remoteInfo = "PlusMinus WatchKit App";
		};
		A1FD8E571AD646DA0039F626 /* PBXContainerItemProxy */ = {
			isa = PBXContainerItemProxy;
			containerPortal = A1FD8E0E1AD646CE0039F626 /* Project object */;
			proxyType = 1;
			remoteGlobalIDString = A1FD8E3E1AD646D90039F626;
			remoteInfo = "PlusMinus WatchKit Extension";
		};
/* End PBXContainerItemProxy section */

/* Begin PBXCopyFilesBuildPhase section */
		A1FD8E601AD646DA0039F626 /* Embed App Extensions */ = {
			isa = PBXCopyFilesBuildPhase;
			buildActionMask = 2147483647;
			dstPath = "";
			dstSubfolderSpec = 13;
			files = (
				A1FD8E591AD646DA0039F626 /* PlusMinus WatchKit Extension.appex in Embed App Extensions */,
			);
			name = "Embed App Extensions";
			runOnlyForDeploymentPostprocessing = 0;
		};
/* End PBXCopyFilesBuildPhase section */

/* Begin PBXFileReference section */
		A16BFB1A1ADC70A4002CFC0E /* SuggestionsViewController.swift */ = {isa = PBXFileReference; fileEncoding = 4; lastKnownFileType = sourcecode.swift; path = SuggestionsViewController.swift; sourceTree = "<group>"; };
		A16BFB1C1ADC713E002CFC0E /* CounterDataViewController.swift */ = {isa = PBXFileReference; fileEncoding = 4; lastKnownFileType = sourcecode.swift; path = CounterDataViewController.swift; sourceTree = "<group>"; };
		A16BFB4E1ADC7536002CFC0E /* PMAssets.swift */ = {isa = PBXFileReference; fileEncoding = 4; lastKnownFileType = sourcecode.swift; path = PMAssets.swift; sourceTree = "<group>"; };
		A19DA8491AF3DBAD0066ABAF /* PlusMinus-Bridging-Header.h */ = {isa = PBXFileReference; lastKnownFileType = sourcecode.c.h; path = "PlusMinus-Bridging-Header.h"; sourceTree = "<group>"; };
		A1D663CC1AD66EF500BEC350 /* PlusMinus WatchKit Extension.entitlements */ = {isa = PBXFileReference; lastKnownFileType = text.xml; path = "PlusMinus WatchKit Extension.entitlements"; sourceTree = "<group>"; };
		A1FD8E161AD646CF0039F626 /* PlusMinus.app */ = {isa = PBXFileReference; explicitFileType = wrapper.application; includeInIndex = 0; path = PlusMinus.app; sourceTree = BUILT_PRODUCTS_DIR; };
		A1FD8E1A1AD646CF0039F626 /* Info.plist */ = {isa = PBXFileReference; lastKnownFileType = text.plist.xml; path = Info.plist; sourceTree = "<group>"; };
		A1FD8E1B1AD646CF0039F626 /* AppDelegate.swift */ = {isa = PBXFileReference; lastKnownFileType = sourcecode.swift; path = AppDelegate.swift; sourceTree = "<group>"; };
		A1FD8E1D1AD646CF0039F626 /* ViewController.swift */ = {isa = PBXFileReference; lastKnownFileType = sourcecode.swift; path = ViewController.swift; sourceTree = "<group>"; };
		A1FD8E201AD646CF0039F626 /* Base */ = {isa = PBXFileReference; lastKnownFileType = file.storyboard; name = Base; path = Base.lproj/Main.storyboard; sourceTree = "<group>"; };
		A1FD8E221AD646CF0039F626 /* Images.xcassets */ = {isa = PBXFileReference; lastKnownFileType = folder.assetcatalog; path = Images.xcassets; sourceTree = "<group>"; };
		A1FD8E251AD646CF0039F626 /* Base */ = {isa = PBXFileReference; lastKnownFileType = file.xib; name = Base; path = Base.lproj/LaunchScreen.xib; sourceTree = "<group>"; };
		A1FD8E2B1AD646CF0039F626 /* PlusMinusTests.xctest */ = {isa = PBXFileReference; explicitFileType = wrapper.cfbundle; includeInIndex = 0; path = PlusMinusTests.xctest; sourceTree = BUILT_PRODUCTS_DIR; };
		A1FD8E301AD646CF0039F626 /* Info.plist */ = {isa = PBXFileReference; lastKnownFileType = text.plist.xml; path = Info.plist; sourceTree = "<group>"; };
		A1FD8E311AD646CF0039F626 /* PlusMinusTests.swift */ = {isa = PBXFileReference; lastKnownFileType = sourcecode.swift; path = PlusMinusTests.swift; sourceTree = "<group>"; };
		A1FD8E3F1AD646D90039F626 /* PlusMinus WatchKit Extension.appex */ = {isa = PBXFileReference; explicitFileType = "wrapper.app-extension"; includeInIndex = 0; path = "PlusMinus WatchKit Extension.appex"; sourceTree = BUILT_PRODUCTS_DIR; };
		A1FD8E421AD646D90039F626 /* Info.plist */ = {isa = PBXFileReference; lastKnownFileType = text.plist.xml; path = Info.plist; sourceTree = "<group>"; };
		A1FD8E431AD646D90039F626 /* InterfaceController.swift */ = {isa = PBXFileReference; lastKnownFileType = sourcecode.swift; path = InterfaceController.swift; sourceTree = "<group>"; };
		A1FD8E451AD646D90039F626 /* GlanceController.swift */ = {isa = PBXFileReference; lastKnownFileType = sourcecode.swift; path = GlanceController.swift; sourceTree = "<group>"; };
		A1FD8E471AD646D90039F626 /* Images.xcassets */ = {isa = PBXFileReference; lastKnownFileType = folder.assetcatalog; path = Images.xcassets; sourceTree = "<group>"; };
		A1FD8E4B1AD646DA0039F626 /* PlusMinus WatchKit App.app */ = {isa = PBXFileReference; explicitFileType = wrapper.application; includeInIndex = 0; path = "PlusMinus WatchKit App.app"; sourceTree = BUILT_PRODUCTS_DIR; };
		A1FD8E511AD646DA0039F626 /* Info.plist */ = {isa = PBXFileReference; lastKnownFileType = text.plist.xml; path = Info.plist; sourceTree = "<group>"; };
		A1FD8E531AD646DA0039F626 /* Base */ = {isa = PBXFileReference; lastKnownFileType = file.storyboard; name = Base; path = Base.lproj/Interface.storyboard; sourceTree = "<group>"; };
		A1FD8E551AD646DA0039F626 /* Images.xcassets */ = {isa = PBXFileReference; lastKnownFileType = folder.assetcatalog; path = Images.xcassets; sourceTree = "<group>"; };
		A1FD8E611AD646E50039F626 /* PlusMinus.entitlements */ = {isa = PBXFileReference; lastKnownFileType = text.xml; path = PlusMinus.entitlements; sourceTree = "<group>"; };
/* End PBXFileReference section */

/* Begin PBXFrameworksBuildPhase section */
		A1FD8E131AD646CE0039F626 /* Frameworks */ = {
			isa = PBXFrameworksBuildPhase;
			buildActionMask = 2147483647;
			files = (
			);
			runOnlyForDeploymentPostprocessing = 0;
		};
		A1FD8E281AD646CF0039F626 /* Frameworks */ = {
			isa = PBXFrameworksBuildPhase;
			buildActionMask = 2147483647;
			files = (
			);
			runOnlyForDeploymentPostprocessing = 0;
		};
		A1FD8E3C1AD646D90039F626 /* Frameworks */ = {
			isa = PBXFrameworksBuildPhase;
			buildActionMask = 2147483647;
			files = (
			);
			runOnlyForDeploymentPostprocessing = 0;
		};
/* End PBXFrameworksBuildPhase section */

/* Begin PBXGroup section */
		A1FD8E0D1AD646CE0039F626 = {
			isa = PBXGroup;
			children = (
				A1FD8E181AD646CF0039F626 /* PlusMinus */,
				A1FD8E2E1AD646CF0039F626 /* PlusMinusTests */,
				A1FD8E401AD646D90039F626 /* PlusMinus WatchKit Extension */,
				A1FD8E4F1AD646DA0039F626 /* PlusMinus WatchKit App */,
				A1FD8E171AD646CF0039F626 /* Products */,
				A19DA8491AF3DBAD0066ABAF /* PlusMinus-Bridging-Header.h */,
			);
			sourceTree = "<group>";
		};
		A1FD8E171AD646CF0039F626 /* Products */ = {
			isa = PBXGroup;
			children = (
				A1FD8E161AD646CF0039F626 /* PlusMinus.app */,
				A1FD8E2B1AD646CF0039F626 /* PlusMinusTests.xctest */,
				A1FD8E3F1AD646D90039F626 /* PlusMinus WatchKit Extension.appex */,
				A1FD8E4B1AD646DA0039F626 /* PlusMinus WatchKit App.app */,
			);
			name = Products;
			sourceTree = "<group>";
		};
		A1FD8E181AD646CF0039F626 /* PlusMinus */ = {
			isa = PBXGroup;
			children = (
				A1FD8E611AD646E50039F626 /* PlusMinus.entitlements */,
				A1FD8E1B1AD646CF0039F626 /* AppDelegate.swift */,
				A1FD8E1D1AD646CF0039F626 /* ViewController.swift */,
				A16BFB1A1ADC70A4002CFC0E /* SuggestionsViewController.swift */,
				A16BFB1C1ADC713E002CFC0E /* CounterDataViewController.swift */,
				A16BFB4E1ADC7536002CFC0E /* PMAssets.swift */,
				A1FD8E1F1AD646CF0039F626 /* Main.storyboard */,
				A1FD8E221AD646CF0039F626 /* Images.xcassets */,
				A1FD8E241AD646CF0039F626 /* LaunchScreen.xib */,
				A1FD8E191AD646CF0039F626 /* Supporting Files */,
			);
			path = PlusMinus;
			sourceTree = "<group>";
		};
		A1FD8E191AD646CF0039F626 /* Supporting Files */ = {
			isa = PBXGroup;
			children = (
				A1FD8E1A1AD646CF0039F626 /* Info.plist */,
			);
			name = "Supporting Files";
			sourceTree = "<group>";
		};
		A1FD8E2E1AD646CF0039F626 /* PlusMinusTests */ = {
			isa = PBXGroup;
			children = (
				A1FD8E311AD646CF0039F626 /* PlusMinusTests.swift */,
				A1FD8E2F1AD646CF0039F626 /* Supporting Files */,
			);
			path = PlusMinusTests;
			sourceTree = "<group>";
		};
		A1FD8E2F1AD646CF0039F626 /* Supporting Files */ = {
			isa = PBXGroup;
			children = (
				A1FD8E301AD646CF0039F626 /* Info.plist */,
			);
			name = "Supporting Files";
			sourceTree = "<group>";
		};
		A1FD8E401AD646D90039F626 /* PlusMinus WatchKit Extension */ = {
			isa = PBXGroup;
			children = (
				A1D663CC1AD66EF500BEC350 /* PlusMinus WatchKit Extension.entitlements */,
				A1FD8E431AD646D90039F626 /* InterfaceController.swift */,
				A1FD8E451AD646D90039F626 /* GlanceController.swift */,
				A1FD8E471AD646D90039F626 /* Images.xcassets */,
				A1FD8E411AD646D90039F626 /* Supporting Files */,
			);
			path = "PlusMinus WatchKit Extension";
			sourceTree = "<group>";
		};
		A1FD8E411AD646D90039F626 /* Supporting Files */ = {
			isa = PBXGroup;
			children = (
				A1FD8E421AD646D90039F626 /* Info.plist */,
			);
			name = "Supporting Files";
			sourceTree = "<group>";
		};
		A1FD8E4F1AD646DA0039F626 /* PlusMinus WatchKit App */ = {
			isa = PBXGroup;
			children = (
				A1FD8E521AD646DA0039F626 /* Interface.storyboard */,
				A1FD8E551AD646DA0039F626 /* Images.xcassets */,
				A1FD8E501AD646DA0039F626 /* Supporting Files */,
			);
			path = "PlusMinus WatchKit App";
			sourceTree = "<group>";
		};
		A1FD8E501AD646DA0039F626 /* Supporting Files */ = {
			isa = PBXGroup;
			children = (
				A1FD8E511AD646DA0039F626 /* Info.plist */,
			);
			name = "Supporting Files";
			sourceTree = "<group>";
		};
/* End PBXGroup section */

/* Begin PBXNativeTarget section */
		A1FD8E151AD646CE0039F626 /* PlusMinus */ = {
			isa = PBXNativeTarget;
			buildConfigurationList = A1FD8E351AD646CF0039F626 /* Build configuration list for PBXNativeTarget "PlusMinus" */;
			buildPhases = (
				A1FD8E121AD646CE0039F626 /* Sources */,
				A1FD8E131AD646CE0039F626 /* Frameworks */,
				A1FD8E141AD646CE0039F626 /* Resources */,
				A1FD8E601AD646DA0039F626 /* Embed App Extensions */,
			);
			buildRules = (
			);
			dependencies = (
				A1FD8E581AD646DA0039F626 /* PBXTargetDependency */,
			);
			name = PlusMinus;
			productName = PlusMinus;
			productReference = A1FD8E161AD646CF0039F626 /* PlusMinus.app */;
			productType = "com.apple.product-type.application";
		};
		A1FD8E2A1AD646CF0039F626 /* PlusMinusTests */ = {
			isa = PBXNativeTarget;
			buildConfigurationList = A1FD8E381AD646CF0039F626 /* Build configuration list for PBXNativeTarget "PlusMinusTests" */;
			buildPhases = (
				A1FD8E271AD646CF0039F626 /* Sources */,
				A1FD8E281AD646CF0039F626 /* Frameworks */,
				A1FD8E291AD646CF0039F626 /* Resources */,
			);
			buildRules = (
			);
			dependencies = (
				A1FD8E2D1AD646CF0039F626 /* PBXTargetDependency */,
			);
			name = PlusMinusTests;
			productName = PlusMinusTests;
			productReference = A1FD8E2B1AD646CF0039F626 /* PlusMinusTests.xctest */;
			productType = "com.apple.product-type.bundle.unit-test";
		};
		A1FD8E3E1AD646D90039F626 /* PlusMinus WatchKit Extension */ = {
			isa = PBXNativeTarget;
			buildConfigurationList = A1FD8E5D1AD646DA0039F626 /* Build configuration list for PBXNativeTarget "PlusMinus WatchKit Extension" */;
			buildPhases = (
				A1FD8E3B1AD646D90039F626 /* Sources */,
				A1FD8E3C1AD646D90039F626 /* Frameworks */,
				A1FD8E3D1AD646D90039F626 /* Resources */,
			);
			buildRules = (
			);
			dependencies = (
				A1FD8E4E1AD646DA0039F626 /* PBXTargetDependency */,
			);
			name = "PlusMinus WatchKit Extension";
			productName = "PlusMinus WatchKit Extension";
			productReference = A1FD8E3F1AD646D90039F626 /* PlusMinus WatchKit Extension.appex */;
			productType = "com.apple.product-type.watchkit-extension";
		};
		A1FD8E4A1AD646DA0039F626 /* PlusMinus WatchKit App */ = {
			isa = PBXNativeTarget;
			buildConfigurationList = A1FD8E5A1AD646DA0039F626 /* Build configuration list for PBXNativeTarget "PlusMinus WatchKit App" */;
			buildPhases = (
				A1FD8E491AD646DA0039F626 /* Resources */,
			);
			buildRules = (
			);
			dependencies = (
			);
			name = "PlusMinus WatchKit App";
			productName = "PlusMinus WatchKit App";
			productReference = A1FD8E4B1AD646DA0039F626 /* PlusMinus WatchKit App.app */;
			productType = "com.apple.product-type.application.watchapp";
		};
/* End PBXNativeTarget section */

/* Begin PBXProject section */
		A1FD8E0E1AD646CE0039F626 /* Project object */ = {
			isa = PBXProject;
			attributes = {
				LastUpgradeCheck = 0630;
				ORGANIZATIONNAME = "Bleu Haus Labs";
				TargetAttributes = {
					A1FD8E151AD646CE0039F626 = {
						CreatedOnToolsVersion = 6.3;
						DevelopmentTeam = 55P2G2R377;
						SystemCapabilities = {
							com.apple.ApplicationGroups.iOS = {
								enabled = 1;
							};
						};
					};
					A1FD8E2A1AD646CF0039F626 = {
						CreatedOnToolsVersion = 6.3;
						TestTargetID = A1FD8E151AD646CE0039F626;
					};
					A1FD8E3E1AD646D90039F626 = {
						CreatedOnToolsVersion = 6.3;
						DevelopmentTeam = 55P2G2R377;
						SystemCapabilities = {
							com.apple.ApplicationGroups.iOS = {
								enabled = 1;
							};
						};
					};
					A1FD8E4A1AD646DA0039F626 = {
						CreatedOnToolsVersion = 6.3;
						DevelopmentTeam = 55P2G2R377;
					};
				};
			};
			buildConfigurationList = A1FD8E111AD646CE0039F626 /* Build configuration list for PBXProject "PlusMinus" */;
			compatibilityVersion = "Xcode 3.2";
			developmentRegion = English;
			hasScannedForEncodings = 0;
			knownRegions = (
				en,
				Base,
			);
			mainGroup = A1FD8E0D1AD646CE0039F626;
			productRefGroup = A1FD8E171AD646CF0039F626 /* Products */;
			projectDirPath = "";
			projectRoot = "";
			targets = (
				A1FD8E151AD646CE0039F626 /* PlusMinus */,
				A1FD8E2A1AD646CF0039F626 /* PlusMinusTests */,
				A1FD8E3E1AD646D90039F626 /* PlusMinus WatchKit Extension */,
				A1FD8E4A1AD646DA0039F626 /* PlusMinus WatchKit App */,
			);
		};
/* End PBXProject section */

/* Begin PBXResourcesBuildPhase section */
		A1FD8E141AD646CE0039F626 /* Resources */ = {
			isa = PBXResourcesBuildPhase;
			buildActionMask = 2147483647;
			files = (
				A1FD8E211AD646CF0039F626 /* Main.storyboard in Resources */,
				A1FD8E261AD646CF0039F626 /* LaunchScreen.xib in Resources */,
				A1FD8E231AD646CF0039F626 /* Images.xcassets in Resources */,
			);
			runOnlyForDeploymentPostprocessing = 0;
		};
		A1FD8E291AD646CF0039F626 /* Resources */ = {
			isa = PBXResourcesBuildPhase;
			buildActionMask = 2147483647;
			files = (
			);
			runOnlyForDeploymentPostprocessing = 0;
		};
		A1FD8E3D1AD646D90039F626 /* Resources */ = {
			isa = PBXResourcesBuildPhase;
			buildActionMask = 2147483647;
			files = (
				A1FD8E481AD646D90039F626 /* Images.xcassets in Resources */,
				A1FD8E4C1AD646DA0039F626 /* PlusMinus WatchKit App.app in Resources */,
			);
			runOnlyForDeploymentPostprocessing = 0;
		};
		A1FD8E491AD646DA0039F626 /* Resources */ = {
			isa = PBXResourcesBuildPhase;
			buildActionMask = 2147483647;
			files = (
				A1FD8E541AD646DA0039F626 /* Interface.storyboard in Resources */,
				A1FD8E561AD646DA0039F626 /* Images.xcassets in Resources */,
			);
			runOnlyForDeploymentPostprocessing = 0;
		};
/* End PBXResourcesBuildPhase section */

/* Begin PBXSourcesBuildPhase section */
		A1FD8E121AD646CE0039F626 /* Sources */ = {
			isa = PBXSourcesBuildPhase;
			buildActionMask = 2147483647;
			files = (
				A1FD8E1E1AD646CF0039F626 /* ViewController.swift in Sources */,
				A1FD8E1C1AD646CF0039F626 /* AppDelegate.swift in Sources */,
				A16BFB1B1ADC70A4002CFC0E /* SuggestionsViewController.swift in Sources */,
				A16BFB1D1ADC713F002CFC0E /* CounterDataViewController.swift in Sources */,
				A16BFB4F1ADC7536002CFC0E /* PMAssets.swift in Sources */,
			);
			runOnlyForDeploymentPostprocessing = 0;
		};
		A1FD8E271AD646CF0039F626 /* Sources */ = {
			isa = PBXSourcesBuildPhase;
			buildActionMask = 2147483647;
			files = (
				A1FD8E321AD646CF0039F626 /* PlusMinusTests.swift in Sources */,
			);
			runOnlyForDeploymentPostprocessing = 0;
		};
		A1FD8E3B1AD646D90039F626 /* Sources */ = {
			isa = PBXSourcesBuildPhase;
			buildActionMask = 2147483647;
			files = (
				A1FD8E441AD646D90039F626 /* InterfaceController.swift in Sources */,
				A1FD8E461AD646D90039F626 /* GlanceController.swift in Sources */,
			);
			runOnlyForDeploymentPostprocessing = 0;
		};
/* End PBXSourcesBuildPhase section */

/* Begin PBXTargetDependency section */
		A1FD8E2D1AD646CF0039F626 /* PBXTargetDependency */ = {
			isa = PBXTargetDependency;
			target = A1FD8E151AD646CE0039F626 /* PlusMinus */;
			targetProxy = A1FD8E2C1AD646CF0039F626 /* PBXContainerItemProxy */;
		};
		A1FD8E4E1AD646DA0039F626 /* PBXTargetDependency */ = {
			isa = PBXTargetDependency;
			target = A1FD8E4A1AD646DA0039F626 /* PlusMinus WatchKit App */;
			targetProxy = A1FD8E4D1AD646DA0039F626 /* PBXContainerItemProxy */;
		};
		A1FD8E581AD646DA0039F626 /* PBXTargetDependency */ = {
			isa = PBXTargetDependency;
			target = A1FD8E3E1AD646D90039F626 /* PlusMinus WatchKit Extension */;
			targetProxy = A1FD8E571AD646DA0039F626 /* PBXContainerItemProxy */;
		};
/* End PBXTargetDependency section */

/* Begin PBXVariantGroup section */
		A1FD8E1F1AD646CF0039F626 /* Main.storyboard */ = {
			isa = PBXVariantGroup;
			children = (
				A1FD8E201AD646CF0039F626 /* Base */,
			);
			name = Main.storyboard;
			sourceTree = "<group>";
		};
		A1FD8E241AD646CF0039F626 /* LaunchScreen.xib */ = {
			isa = PBXVariantGroup;
			children = (
				A1FD8E251AD646CF0039F626 /* Base */,
			);
			name = LaunchScreen.xib;
			sourceTree = "<group>";
		};
		A1FD8E521AD646DA0039F626 /* Interface.storyboard */ = {
			isa = PBXVariantGroup;
			children = (
				A1FD8E531AD646DA0039F626 /* Base */,
			);
			name = Interface.storyboard;
			sourceTree = "<group>";
		};
/* End PBXVariantGroup section */

/* Begin XCBuildConfiguration section */
		A1FD8E331AD646CF0039F626 /* Debug */ = {
			isa = XCBuildConfiguration;
			buildSettings = {
				ALWAYS_SEARCH_USER_PATHS = NO;
				CLANG_CXX_LANGUAGE_STANDARD = "gnu++0x";
				CLANG_CXX_LIBRARY = "libc++";
				CLANG_ENABLE_MODULES = YES;
				CLANG_ENABLE_OBJC_ARC = YES;
				CLANG_WARN_BOOL_CONVERSION = YES;
				CLANG_WARN_CONSTANT_CONVERSION = YES;
				CLANG_WARN_DIRECT_OBJC_ISA_USAGE = YES_ERROR;
				CLANG_WARN_EMPTY_BODY = YES;
				CLANG_WARN_ENUM_CONVERSION = YES;
				CLANG_WARN_INT_CONVERSION = YES;
				CLANG_WARN_OBJC_ROOT_CLASS = YES_ERROR;
				CLANG_WARN_UNREACHABLE_CODE = YES;
				CLANG_WARN__DUPLICATE_METHOD_MATCH = YES;
				"CODE_SIGN_IDENTITY[sdk=iphoneos*]" = "iPhone Developer";
				COPY_PHASE_STRIP = NO;
				DEBUG_INFORMATION_FORMAT = "dwarf-with-dsym";
				ENABLE_STRICT_OBJC_MSGSEND = YES;
				GCC_C_LANGUAGE_STANDARD = gnu99;
				GCC_DYNAMIC_NO_PIC = NO;
				GCC_NO_COMMON_BLOCKS = YES;
				GCC_OPTIMIZATION_LEVEL = 0;
				GCC_PREPROCESSOR_DEFINITIONS = (
					"DEBUG=1",
					"$(inherited)",
				);
				GCC_SYMBOLS_PRIVATE_EXTERN = NO;
				GCC_WARN_64_TO_32_BIT_CONVERSION = YES;
				GCC_WARN_ABOUT_RETURN_TYPE = YES_ERROR;
				GCC_WARN_UNDECLARED_SELECTOR = YES;
				GCC_WARN_UNINITIALIZED_AUTOS = YES_AGGRESSIVE;
				GCC_WARN_UNUSED_FUNCTION = YES;
				GCC_WARN_UNUSED_VARIABLE = YES;
				IPHONEOS_DEPLOYMENT_TARGET = 8.3;
				MTL_ENABLE_DEBUG_INFO = YES;
				ONLY_ACTIVE_ARCH = YES;
				SDKROOT = iphoneos;
				SWIFT_OPTIMIZATION_LEVEL = "-Onone";
			};
			name = Debug;
		};
		A1FD8E341AD646CF0039F626 /* Release */ = {
			isa = XCBuildConfiguration;
			buildSettings = {
				ALWAYS_SEARCH_USER_PATHS = NO;
				CLANG_CXX_LANGUAGE_STANDARD = "gnu++0x";
				CLANG_CXX_LIBRARY = "libc++";
				CLANG_ENABLE_MODULES = YES;
				CLANG_ENABLE_OBJC_ARC = YES;
				CLANG_WARN_BOOL_CONVERSION = YES;
				CLANG_WARN_CONSTANT_CONVERSION = YES;
				CLANG_WARN_DIRECT_OBJC_ISA_USAGE = YES_ERROR;
				CLANG_WARN_EMPTY_BODY = YES;
				CLANG_WARN_ENUM_CONVERSION = YES;
				CLANG_WARN_INT_CONVERSION = YES;
				CLANG_WARN_OBJC_ROOT_CLASS = YES_ERROR;
				CLANG_WARN_UNREACHABLE_CODE = YES;
				CLANG_WARN__DUPLICATE_METHOD_MATCH = YES;
				"CODE_SIGN_IDENTITY[sdk=iphoneos*]" = "iPhone Developer";
				COPY_PHASE_STRIP = NO;
				DEBUG_INFORMATION_FORMAT = "dwarf-with-dsym";
				ENABLE_NS_ASSERTIONS = NO;
				ENABLE_STRICT_OBJC_MSGSEND = YES;
				GCC_C_LANGUAGE_STANDARD = gnu99;
				GCC_NO_COMMON_BLOCKS = YES;
				GCC_WARN_64_TO_32_BIT_CONVERSION = YES;
				GCC_WARN_ABOUT_RETURN_TYPE = YES_ERROR;
				GCC_WARN_UNDECLARED_SELECTOR = YES;
				GCC_WARN_UNINITIALIZED_AUTOS = YES_AGGRESSIVE;
				GCC_WARN_UNUSED_FUNCTION = YES;
				GCC_WARN_UNUSED_VARIABLE = YES;
				IPHONEOS_DEPLOYMENT_TARGET = 8.3;
				MTL_ENABLE_DEBUG_INFO = NO;
				SDKROOT = iphoneos;
				VALIDATE_PRODUCT = YES;
			};
			name = Release;
		};
		A1FD8E361AD646CF0039F626 /* Debug */ = {
			isa = XCBuildConfiguration;
			buildSettings = {
				ASSETCATALOG_COMPILER_APPICON_NAME = AppIcon;
				CLANG_ENABLE_MODULES = YES;
				CODE_SIGN_ENTITLEMENTS = PlusMinus/PlusMinus.entitlements;
				CODE_SIGN_IDENTITY = "iPhone Developer";
				"CODE_SIGN_IDENTITY[sdk=iphoneos*]" = "iPhone Developer";
				INFOPLIST_FILE = PlusMinus/Info.plist;
				LD_RUNPATH_SEARCH_PATHS = "$(inherited) @executable_path/Frameworks";
				PRODUCT_NAME = "$(TARGET_NAME)";
				PROVISIONING_PROFILE = "";
				SWIFT_OBJC_BRIDGING_HEADER = "PlusMinus-Bridging-Header.h";
				SWIFT_OPTIMIZATION_LEVEL = "-Onone";
			};
			name = Debug;
		};
		A1FD8E371AD646CF0039F626 /* Release */ = {
			isa = XCBuildConfiguration;
			buildSettings = {
				ASSETCATALOG_COMPILER_APPICON_NAME = AppIcon;
				CLANG_ENABLE_MODULES = YES;
				CODE_SIGN_ENTITLEMENTS = PlusMinus/PlusMinus.entitlements;
				CODE_SIGN_IDENTITY = "iPhone Developer";
				"CODE_SIGN_IDENTITY[sdk=iphoneos*]" = "iPhone Developer";
				INFOPLIST_FILE = PlusMinus/Info.plist;
				LD_RUNPATH_SEARCH_PATHS = "$(inherited) @executable_path/Frameworks";
				PRODUCT_NAME = "$(TARGET_NAME)";
				PROVISIONING_PROFILE = "";
				SWIFT_OBJC_BRIDGING_HEADER = "PlusMinus-Bridging-Header.h";
			};
			name = Release;
		};
		A1FD8E391AD646CF0039F626 /* Debug */ = {
			isa = XCBuildConfiguration;
			buildSettings = {
				BUNDLE_LOADER = "$(TEST_HOST)";
				FRAMEWORK_SEARCH_PATHS = (
					"$(SDKROOT)/Developer/Library/Frameworks",
					"$(inherited)",
				);
				GCC_PREPROCESSOR_DEFINITIONS = (
					"DEBUG=1",
					"$(inherited)",
				);
				INFOPLIST_FILE = PlusMinusTests/Info.plist;
				LD_RUNPATH_SEARCH_PATHS = "$(inherited) @executable_path/Frameworks @loader_path/Frameworks";
				PRODUCT_NAME = "$(TARGET_NAME)";
				TEST_HOST = "$(BUILT_PRODUCTS_DIR)/PlusMinus.app/PlusMinus";
			};
			name = Debug;
		};
		A1FD8E3A1AD646CF0039F626 /* Release */ = {
			isa = XCBuildConfiguration;
			buildSettings = {
				BUNDLE_LOADER = "$(TEST_HOST)";
				FRAMEWORK_SEARCH_PATHS = (
					"$(SDKROOT)/Developer/Library/Frameworks",
					"$(inherited)",
				);
				INFOPLIST_FILE = PlusMinusTests/Info.plist;
				LD_RUNPATH_SEARCH_PATHS = "$(inherited) @executable_path/Frameworks @loader_path/Frameworks";
				PRODUCT_NAME = "$(TARGET_NAME)";
				TEST_HOST = "$(BUILT_PRODUCTS_DIR)/PlusMinus.app/PlusMinus";
			};
			name = Release;
		};
		A1FD8E5B1AD646DA0039F626 /* Debug */ = {
			isa = XCBuildConfiguration;
			buildSettings = {
				ASSETCATALOG_COMPILER_APPICON_NAME = AppIcon;
				CODE_SIGN_IDENTITY = "iPhone Developer";
				GCC_PREPROCESSOR_DEFINITIONS = (
					"DEBUG=1",
					"$(inherited)",
				);
				IBSC_MODULE = PlusMinus_WatchKit_Extension;
				INFOPLIST_FILE = "PlusMinus WatchKit App/Info.plist";
				IPHONEOS_DEPLOYMENT_TARGET = 8.2;
				PRODUCT_NAME = "$(TARGET_NAME)";
				SKIP_INSTALL = YES;
				TARGETED_DEVICE_FAMILY = 4;
				"TARGETED_DEVICE_FAMILY[sdk=iphonesimulator*]" = "1,4";
			};
			name = Debug;
		};
		A1FD8E5C1AD646DA0039F626 /* Release */ = {
			isa = XCBuildConfiguration;
			buildSettings = {
				ASSETCATALOG_COMPILER_APPICON_NAME = AppIcon;
				CODE_SIGN_IDENTITY = "iPhone Developer";
				IBSC_MODULE = PlusMinus_WatchKit_Extension;
				INFOPLIST_FILE = "PlusMinus WatchKit App/Info.plist";
				IPHONEOS_DEPLOYMENT_TARGET = 8.2;
				PRODUCT_NAME = "$(TARGET_NAME)";
				SKIP_INSTALL = YES;
				TARGETED_DEVICE_FAMILY = 4;
				"TARGETED_DEVICE_FAMILY[sdk=iphonesimulator*]" = "1,4";
			};
			name = Release;
		};
		A1FD8E5E1AD646DA0039F626 /* Debug */ = {
			isa = XCBuildConfiguration;
			buildSettings = {
				CLANG_ENABLE_MODULES = YES;
				CODE_SIGN_ENTITLEMENTS = "PlusMinus WatchKit Extension/PlusMinus WatchKit Extension.entitlements";
				CODE_SIGN_IDENTITY = "iPhone Developer";
				"CODE_SIGN_IDENTITY[sdk=iphoneos*]" = "iPhone Developer";
				GCC_PREPROCESSOR_DEFINITIONS = (
					"DEBUG=1",
					"$(inherited)",
				);
				INFOPLIST_FILE = "PlusMinus WatchKit Extension/Info.plist";
				LD_RUNPATH_SEARCH_PATHS = "$(inherited) @executable_path/Frameworks @executable_path/../../Frameworks";
				PRODUCT_NAME = "${TARGET_NAME}";
				PROVISIONING_PROFILE = "";
				SKIP_INSTALL = YES;
				SWIFT_OBJC_BRIDGING_HEADER = "PlusMinus WatchKit Extension-Bridging-Header.h";
				SWIFT_OPTIMIZATION_LEVEL = "-Onone";
			};
			name = Debug;
		};
		A1FD8E5F1AD646DA0039F626 /* Release */ = {
			isa = XCBuildConfiguration;
			buildSettings = {
				CLANG_ENABLE_MODULES = YES;
				CODE_SIGN_ENTITLEMENTS = "PlusMinus WatchKit Extension/PlusMinus WatchKit Extension.entitlements";
				CODE_SIGN_IDENTITY = "iPhone Developer";
				"CODE_SIGN_IDENTITY[sdk=iphoneos*]" = "iPhone Developer";
				INFOPLIST_FILE = "PlusMinus WatchKit Extension/Info.plist";
				LD_RUNPATH_SEARCH_PATHS = "$(inherited) @executable_path/Frameworks @executable_path/../../Frameworks";
				PRODUCT_NAME = "${TARGET_NAME}";
				PROVISIONING_PROFILE = "";
				SKIP_INSTALL = YES;
				SWIFT_OBJC_BRIDGING_HEADER = "PlusMinus WatchKit Extension-Bridging-Header.h";
			};
			name = Release;
		};
/* End XCBuildConfiguration section */

/* Begin XCConfigurationList section */
		A1FD8E111AD646CE0039F626 /* Build configuration list for PBXProject "PlusMinus" */ = {
			isa = XCConfigurationList;
			buildConfigurations = (
				A1FD8E331AD646CF0039F626 /* Debug */,
				A1FD8E341AD646CF0039F626 /* Release */,
			);
			defaultConfigurationIsVisible = 0;
			defaultConfigurationName = Release;
		};
		A1FD8E351AD646CF0039F626 /* Build configuration list for PBXNativeTarget "PlusMinus" */ = {
			isa = XCConfigurationList;
			buildConfigurations = (
				A1FD8E361AD646CF0039F626 /* Debug */,
				A1FD8E371AD646CF0039F626 /* Release */,
			);
			defaultConfigurationIsVisible = 0;
			defaultConfigurationName = Release;
		};
		A1FD8E381AD646CF0039F626 /* Build configuration list for PBXNativeTarget "PlusMinusTests" */ = {
			isa = XCConfigurationList;
			buildConfigurations = (
				A1FD8E391AD646CF0039F626 /* Debug */,
				A1FD8E3A1AD646CF0039F626 /* Release */,
			);
			defaultConfigurationIsVisible = 0;
			defaultConfigurationName = Release;
		};
		A1FD8E5A1AD646DA0039F626 /* Build configuration list for PBXNativeTarget "PlusMinus WatchKit App" */ = {
			isa = XCConfigurationList;
			buildConfigurations = (
				A1FD8E5B1AD646DA0039F626 /* Debug */,
				A1FD8E5C1AD646DA0039F626 /* Release */,
			);
			defaultConfigurationIsVisible = 0;
			defaultConfigurationName = Release;
		};
		A1FD8E5D1AD646DA0039F626 /* Build configuration list for PBXNativeTarget "PlusMinus WatchKit Extension" */ = {
			isa = XCConfigurationList;
			buildConfigurations = (
				A1FD8E5E1AD646DA0039F626 /* Debug */,
				A1FD8E5F1AD646DA0039F626 /* Release */,
			);
			defaultConfigurationIsVisible = 0;
			defaultConfigurationName = Release;
		};
/* End XCConfigurationList section */
	};
	rootObject = A1FD8E0E1AD646CE0039F626 /* Project object */;
}
